// !$*UTF8*$!
{
	archiveVersion = 1;
	classes = {
	};
	objectVersion = 56;
	objects = {

/* Begin PBXBuildFile section */
		20249DF92BA5E4EF00009D63 /* AppDelegate.swift in Sources */ = {isa = PBXBuildFile; fileRef = 20249DF82BA5E4EF00009D63 /* AppDelegate.swift */; };
		20249DFB2BA5E4EF00009D63 /* SceneDelegate.swift in Sources */ = {isa = PBXBuildFile; fileRef = 20249DFA2BA5E4EF00009D63 /* SceneDelegate.swift */; };
		20249DFD2BA5E4EF00009D63 /* ViewController.swift in Sources */ = {isa = PBXBuildFile; fileRef = 20249DFC2BA5E4EF00009D63 /* ViewController.swift */; };
		20249E002BA5E4EF00009D63 /* Main.storyboard in Resources */ = {isa = PBXBuildFile; fileRef = 20249DFE2BA5E4EF00009D63 /* Main.storyboard */; };
		20249E022BA5E4F200009D63 /* Assets.xcassets in Resources */ = {isa = PBXBuildFile; fileRef = 20249E012BA5E4F200009D63 /* Assets.xcassets */; };
		20249E052BA5E4F200009D63 /* LaunchScreen.storyboard in Resources */ = {isa = PBXBuildFile; fileRef = 20249E032BA5E4F200009D63 /* LaunchScreen.storyboard */; };
		20249E0D2BA5F18000009D63 /* GoogleService-Info.plist in Resources */ = {isa = PBXBuildFile; fileRef = 20249E0C2BA5F18000009D63 /* GoogleService-Info.plist */; };
		F8408C3AC85EA1822DDAB3D3 /* Pods_Firebase_Crashlytics.framework in Frameworks */ = {isa = PBXBuildFile; fileRef = 9498F1BBE6ABDB16591BF43A /* Pods_Firebase_Crashlytics.framework */; };
/* End PBXBuildFile section */

/* Begin PBXFileReference section */
		20249DF52BA5E4EF00009D63 /* Firebase_Crashlytics.app */ = {isa = PBXFileReference; explicitFileType = wrapper.application; includeInIndex = 0; path = Firebase_Crashlytics.app; sourceTree = BUILT_PRODUCTS_DIR; };
		20249DF82BA5E4EF00009D63 /* AppDelegate.swift */ = {isa = PBXFileReference; lastKnownFileType = sourcecode.swift; path = AppDelegate.swift; sourceTree = "<group>"; };
		20249DFA2BA5E4EF00009D63 /* SceneDelegate.swift */ = {isa = PBXFileReference; lastKnownFileType = sourcecode.swift; path = SceneDelegate.swift; sourceTree = "<group>"; };
		20249DFC2BA5E4EF00009D63 /* ViewController.swift */ = {isa = PBXFileReference; lastKnownFileType = sourcecode.swift; path = ViewController.swift; sourceTree = "<group>"; };
		20249DFF2BA5E4EF00009D63 /* Base */ = {isa = PBXFileReference; lastKnownFileType = file.storyboard; name = Base; path = Base.lproj/Main.storyboard; sourceTree = "<group>"; };
		20249E012BA5E4F200009D63 /* Assets.xcassets */ = {isa = PBXFileReference; lastKnownFileType = folder.assetcatalog; path = Assets.xcassets; sourceTree = "<group>"; };
		20249E042BA5E4F200009D63 /* Base */ = {isa = PBXFileReference; lastKnownFileType = file.storyboard; name = Base; path = Base.lproj/LaunchScreen.storyboard; sourceTree = "<group>"; };
		20249E062BA5E4F200009D63 /* Info.plist */ = {isa = PBXFileReference; lastKnownFileType = text.plist.xml; path = Info.plist; sourceTree = "<group>"; };
		20249E0C2BA5F18000009D63 /* GoogleService-Info.plist */ = {isa = PBXFileReference; fileEncoding = 4; lastKnownFileType = text.plist.xml; path = "GoogleService-Info.plist"; sourceTree = "<group>"; };
		3C46921D1DF383BE2FE158D2 /* Pods-Firebase_Crashlytics.debug.xcconfig */ = {isa = PBXFileReference; includeInIndex = 1; lastKnownFileType = text.xcconfig; name = "Pods-Firebase_Crashlytics.debug.xcconfig"; path = "Target Support Files/Pods-Firebase_Crashlytics/Pods-Firebase_Crashlytics.debug.xcconfig"; sourceTree = "<group>"; };
		9498F1BBE6ABDB16591BF43A /* Pods_Firebase_Crashlytics.framework */ = {isa = PBXFileReference; explicitFileType = wrapper.framework; includeInIndex = 0; path = Pods_Firebase_Crashlytics.framework; sourceTree = BUILT_PRODUCTS_DIR; };
		D3153AE4316C9473C03BCD8F /* Pods-Firebase_Crashlytics.release.xcconfig */ = {isa = PBXFileReference; includeInIndex = 1; lastKnownFileType = text.xcconfig; name = "Pods-Firebase_Crashlytics.release.xcconfig"; path = "Target Support Files/Pods-Firebase_Crashlytics/Pods-Firebase_Crashlytics.release.xcconfig"; sourceTree = "<group>"; };
/* End PBXFileReference section */

/* Begin PBXFrameworksBuildPhase section */
		20249DF22BA5E4EF00009D63 /* Frameworks */ = {
			isa = PBXFrameworksBuildPhase;
			buildActionMask = 2147483647;
			files = (
				F8408C3AC85EA1822DDAB3D3 /* Pods_Firebase_Crashlytics.framework in Frameworks */,
			);
			runOnlyForDeploymentPostprocessing = 0;
		};
/* End PBXFrameworksBuildPhase section */

/* Begin PBXGroup section */
		20249DEC2BA5E4EE00009D63 = {
			isa = PBXGroup;
			children = (
				20249DF72BA5E4EF00009D63 /* Firebase_Crashlytics */,
				20249DF62BA5E4EF00009D63 /* Products */,
				778247D6FAEE79429BBA3B07 /* Pods */,
				4877083D5FFF0EF72C96F722 /* Frameworks */,
			);
			sourceTree = "<group>";
		};
		20249DF62BA5E4EF00009D63 /* Products */ = {
			isa = PBXGroup;
			children = (
				20249DF52BA5E4EF00009D63 /* Firebase_Crashlytics.app */,
			);
			name = Products;
			sourceTree = "<group>";
		};
		20249DF72BA5E4EF00009D63 /* Firebase_Crashlytics */ = {
			isa = PBXGroup;
			children = (
				20249DF82BA5E4EF00009D63 /* AppDelegate.swift */,
				20249DFA2BA5E4EF00009D63 /* SceneDelegate.swift */,
				20249DFC2BA5E4EF00009D63 /* ViewController.swift */,
				20249DFE2BA5E4EF00009D63 /* Main.storyboard */,
				20249E012BA5E4F200009D63 /* Assets.xcassets */,
				20249E032BA5E4F200009D63 /* LaunchScreen.storyboard */,
				20249E062BA5E4F200009D63 /* Info.plist */,
				20249E0C2BA5F18000009D63 /* GoogleService-Info.plist */,
			);
			path = Firebase_Crashlytics;
			sourceTree = "<group>";
		};
		4877083D5FFF0EF72C96F722 /* Frameworks */ = {
			isa = PBXGroup;
			children = (
				9498F1BBE6ABDB16591BF43A /* Pods_Firebase_Crashlytics.framework */,
			);
			name = Frameworks;
			sourceTree = "<group>";
		};
		778247D6FAEE79429BBA3B07 /* Pods */ = {
			isa = PBXGroup;
			children = (
				3C46921D1DF383BE2FE158D2 /* Pods-Firebase_Crashlytics.debug.xcconfig */,
				D3153AE4316C9473C03BCD8F /* Pods-Firebase_Crashlytics.release.xcconfig */,
			);
			path = Pods;
			sourceTree = "<group>";
		};
/* End PBXGroup section */

/* Begin PBXNativeTarget section */
		20249DF42BA5E4EF00009D63 /* Firebase_Crashlytics */ = {
			isa = PBXNativeTarget;
			buildConfigurationList = 20249E092BA5E4F200009D63 /* Build configuration list for PBXNativeTarget "Firebase_Crashlytics" */;
			buildPhases = (
				755B4F493DFDBD00B1351C1D /* [CP] Check Pods Manifest.lock */,
				20249DF12BA5E4EF00009D63 /* Sources */,
				20249DF22BA5E4EF00009D63 /* Frameworks */,
				20249DF32BA5E4EF00009D63 /* Resources */,
				2EDD1BD227AE32F26F289FA3 /* [CP] Embed Pods Frameworks */,
				20249E0E2BA5F4BF00009D63 /* ShellScript */,
			);
			buildRules = (
			);
			dependencies = (
			);
			name = Firebase_Crashlytics;
			productName = Firebase_Crashlytics;
			productReference = 20249DF52BA5E4EF00009D63 /* Firebase_Crashlytics.app */;
			productType = "com.apple.product-type.application";
		};
/* End PBXNativeTarget section */

/* Begin PBXProject section */
		20249DED2BA5E4EE00009D63 /* Project object */ = {
			isa = PBXProject;
			attributes = {
				BuildIndependentTargetsInParallel = 1;
				LastSwiftUpdateCheck = 1500;
				LastUpgradeCheck = 1500;
				TargetAttributes = {
					20249DF42BA5E4EF00009D63 = {
						CreatedOnToolsVersion = 15.0.1;
					};
				};
			};
			buildConfigurationList = 20249DF02BA5E4EF00009D63 /* Build configuration list for PBXProject "Firebase_Crashlytics" */;
			compatibilityVersion = "Xcode 14.0";
			developmentRegion = en;
			hasScannedForEncodings = 0;
			knownRegions = (
				en,
				Base,
			);
			mainGroup = 20249DEC2BA5E4EE00009D63;
			productRefGroup = 20249DF62BA5E4EF00009D63 /* Products */;
			projectDirPath = "";
			projectRoot = "";
			targets = (
				20249DF42BA5E4EF00009D63 /* Firebase_Crashlytics */,
			);
		};
/* End PBXProject section */

/* Begin PBXResourcesBuildPhase section */
		20249DF32BA5E4EF00009D63 /* Resources */ = {
			isa = PBXResourcesBuildPhase;
			buildActionMask = 2147483647;
			files = (
				20249E052BA5E4F200009D63 /* LaunchScreen.storyboard in Resources */,
				20249E0D2BA5F18000009D63 /* GoogleService-Info.plist in Resources */,
				20249E022BA5E4F200009D63 /* Assets.xcassets in Resources */,
				20249E002BA5E4EF00009D63 /* Main.storyboard in Resources */,
			);
			runOnlyForDeploymentPostprocessing = 0;
		};
/* End PBXResourcesBuildPhase section */

/* Begin PBXShellScriptBuildPhase section */
		20249E0E2BA5F4BF00009D63 /* ShellScript */ = {
			isa = PBXShellScriptBuildPhase;
			buildActionMask = 8;
			files = (
			);
			inputFileListPaths = (
			);
			inputPaths = (
			);
			outputFileListPaths = (
			);
			outputPaths = (
			);
			runOnlyForDeploymentPostprocessing = 1;
			shellPath = /bin/sh;
			shellScript = "\"${BUILD_DIR%/Build/*}/SourcePackages/checkouts/firebase-ios-sdk/Crashlytics/run\"\n";
		};
		2EDD1BD227AE32F26F289FA3 /* [CP] Embed Pods Frameworks */ = {
			isa = PBXShellScriptBuildPhase;
			buildActionMask = 2147483647;
			files = (
			);
			inputFileListPaths = (
				"${PODS_ROOT}/Target Support Files/Pods-Firebase_Crashlytics/Pods-Firebase_Crashlytics-frameworks-${CONFIGURATION}-input-files.xcfilelist",
			);
			name = "[CP] Embed Pods Frameworks";
			outputFileListPaths = (
				"${PODS_ROOT}/Target Support Files/Pods-Firebase_Crashlytics/Pods-Firebase_Crashlytics-frameworks-${CONFIGURATION}-output-files.xcfilelist",
			);
			runOnlyForDeploymentPostprocessing = 0;
			shellPath = /bin/sh;
			shellScript = "\"${PODS_ROOT}/Target Support Files/Pods-Firebase_Crashlytics/Pods-Firebase_Crashlytics-frameworks.sh\"\n";
			showEnvVarsInLog = 0;
		};
		755B4F493DFDBD00B1351C1D /* [CP] Check Pods Manifest.lock */ = {
			isa = PBXShellScriptBuildPhase;
			buildActionMask = 2147483647;
			files = (
			);
			inputFileListPaths = (
			);
			inputPaths = (
				"${PODS_PODFILE_DIR_PATH}/Podfile.lock",
				"${PODS_ROOT}/Manifest.lock",
			);
			name = "[CP] Check Pods Manifest.lock";
			outputFileListPaths = (
			);
			outputPaths = (
				"$(DERIVED_FILE_DIR)/Pods-Firebase_Crashlytics-checkManifestLockResult.txt",
			);
			runOnlyForDeploymentPostprocessing = 0;
			shellPath = /bin/sh;
			shellScript = "diff \"${PODS_PODFILE_DIR_PATH}/Podfile.lock\" \"${PODS_ROOT}/Manifest.lock\" > /dev/null\nif [ $? != 0 ] ; then\n    # print error to STDERR\n    echo \"error: The sandbox is not in sync with the Podfile.lock. Run 'pod install' or update your CocoaPods installation.\" >&2\n    exit 1\nfi\n# This output is used by Xcode 'outputs' to avoid re-running this script phase.\necho \"SUCCESS\" > \"${SCRIPT_OUTPUT_FILE_0}\"\n";
			showEnvVarsInLog = 0;
		};
/* End PBXShellScriptBuildPhase section */

/* Begin PBXSourcesBuildPhase section */
		20249DF12BA5E4EF00009D63 /* Sources */ = {
			isa = PBXSourcesBuildPhase;
			buildActionMask = 2147483647;
			files = (
				20249DFD2BA5E4EF00009D63 /* ViewController.swift in Sources */,
				20249DF92BA5E4EF00009D63 /* AppDelegate.swift in Sources */,
				20249DFB2BA5E4EF00009D63 /* SceneDelegate.swift in Sources */,
			);
			runOnlyForDeploymentPostprocessing = 0;
		};
/* End PBXSourcesBuildPhase section */

/* Begin PBXVariantGroup section */
		20249DFE2BA5E4EF00009D63 /* Main.storyboard */ = {
			isa = PBXVariantGroup;
			children = (
				20249DFF2BA5E4EF00009D63 /* Base */,
			);
			name = Main.storyboard;
			sourceTree = "<group>";
		};
		20249E032BA5E4F200009D63 /* LaunchScreen.storyboard */ = {
			isa = PBXVariantGroup;
			children = (
				20249E042BA5E4F200009D63 /* Base */,
			);
			name = LaunchScreen.storyboard;
			sourceTree = "<group>";
		};
/* End PBXVariantGroup section */

/* Begin XCBuildConfiguration section */
		20249E072BA5E4F200009D63 /* Debug */ = {
			isa = XCBuildConfiguration;
			buildSettings = {
				ALWAYS_SEARCH_USER_PATHS = NO;
				ASSETCATALOG_COMPILER_GENERATE_SWIFT_ASSET_SYMBOL_EXTENSIONS = YES;
				CLANG_ANALYZER_NONNULL = YES;
				CLANG_ANALYZER_NUMBER_OBJECT_CONVERSION = YES_AGGRESSIVE;
				CLANG_CXX_LANGUAGE_STANDARD = "gnu++20";
				CLANG_ENABLE_MODULES = YES;
				CLANG_ENABLE_OBJC_ARC = YES;
				CLANG_ENABLE_OBJC_WEAK = YES;
				CLANG_WARN_BLOCK_CAPTURE_AUTORELEASING = YES;
				CLANG_WARN_BOOL_CONVERSION = YES;
				CLANG_WARN_COMMA = YES;
				CLANG_WARN_CONSTANT_CONVERSION = YES;
				CLANG_WARN_DEPRECATED_OBJC_IMPLEMENTATIONS = YES;
				CLANG_WARN_DIRECT_OBJC_ISA_USAGE = YES_ERROR;
				CLANG_WARN_DOCUMENTATION_COMMENTS = YES;
				CLANG_WARN_EMPTY_BODY = YES;
				CLANG_WARN_ENUM_CONVERSION = YES;
				CLANG_WARN_INFINITE_RECURSION = YES;
				CLANG_WARN_INT_CONVERSION = YES;
				CLANG_WARN_NON_LITERAL_NULL_CONVERSION = YES;
				CLANG_WARN_OBJC_IMPLICIT_RETAIN_SELF = YES;
				CLANG_WARN_OBJC_LITERAL_CONVERSION = YES;
				CLANG_WARN_OBJC_ROOT_CLASS = YES_ERROR;
				CLANG_WARN_QUOTED_INCLUDE_IN_FRAMEWORK_HEADER = YES;
				CLANG_WARN_RANGE_LOOP_ANALYSIS = YES;
				CLANG_WARN_STRICT_PROTOTYPES = YES;
				CLANG_WARN_SUSPICIOUS_MOVE = YES;
				CLANG_WARN_UNGUARDED_AVAILABILITY = YES_AGGRESSIVE;
				CLANG_WARN_UNREACHABLE_CODE = YES;
				CLANG_WARN__DUPLICATE_METHOD_MATCH = YES;
				COPY_PHASE_STRIP = NO;
				DEBUG_INFORMATION_FORMAT = dwarf;
				ENABLE_STRICT_OBJC_MSGSEND = YES;
				ENABLE_TESTABILITY = YES;
				ENABLE_USER_SCRIPT_SANDBOXING = YES;
				GCC_C_LANGUAGE_STANDARD = gnu17;
				GCC_DYNAMIC_NO_PIC = NO;
				GCC_NO_COMMON_BLOCKS = YES;
				GCC_OPTIMIZATION_LEVEL = 0;
				GCC_PREPROCESSOR_DEFINITIONS = (
					"DEBUG=1",
					"$(inherited)",
				);
				GCC_WARN_64_TO_32_BIT_CONVERSION = YES;
				GCC_WARN_ABOUT_RETURN_TYPE = YES_ERROR;
				GCC_WARN_UNDECLARED_SELECTOR = YES;
				GCC_WARN_UNINITIALIZED_AUTOS = YES_AGGRESSIVE;
				GCC_WARN_UNUSED_FUNCTION = YES;
				GCC_WARN_UNUSED_VARIABLE = YES;
				IPHONEOS_DEPLOYMENT_TARGET = 17.0;
				LOCALIZATION_PREFERS_STRING_CATALOGS = YES;
				MTL_ENABLE_DEBUG_INFO = INCLUDE_SOURCE;
				MTL_FAST_MATH = YES;
				ONLY_ACTIVE_ARCH = YES;
				SDKROOT = iphoneos;
				SWIFT_ACTIVE_COMPILATION_CONDITIONS = "DEBUG $(inherited)";
				SWIFT_OPTIMIZATION_LEVEL = "-Onone";
			};
			name = Debug;
		};
		20249E082BA5E4F200009D63 /* Release */ = {
			isa = XCBuildConfiguration;
			buildSettings = {
				ALWAYS_SEARCH_USER_PATHS = NO;
				ASSETCATALOG_COMPILER_GENERATE_SWIFT_ASSET_SYMBOL_EXTENSIONS = YES;
				CLANG_ANALYZER_NONNULL = YES;
				CLANG_ANALYZER_NUMBER_OBJECT_CONVERSION = YES_AGGRESSIVE;
				CLANG_CXX_LANGUAGE_STANDARD = "gnu++20";
				CLANG_ENABLE_MODULES = YES;
				CLANG_ENABLE_OBJC_ARC = YES;
				CLANG_ENABLE_OBJC_WEAK = YES;
				CLANG_WARN_BLOCK_CAPTURE_AUTORELEASING = YES;
				CLANG_WARN_BOOL_CONVERSION = YES;
				CLANG_WARN_COMMA = YES;
				CLANG_WARN_CONSTANT_CONVERSION = YES;
				CLANG_WARN_DEPRECATED_OBJC_IMPLEMENTATIONS = YES;
				CLANG_WARN_DIRECT_OBJC_ISA_USAGE = YES_ERROR;
				CLANG_WARN_DOCUMENTATION_COMMENTS = YES;
				CLANG_WARN_EMPTY_BODY = YES;
				CLANG_WARN_ENUM_CONVERSION = YES;
				CLANG_WARN_INFINITE_RECURSION = YES;
				CLANG_WARN_INT_CONVERSION = YES;
				CLANG_WARN_NON_LITERAL_NULL_CONVERSION = YES;
				CLANG_WARN_OBJC_IMPLICIT_RETAIN_SELF = YES;
				CLANG_WARN_OBJC_LITERAL_CONVERSION = YES;
				CLANG_WARN_OBJC_ROOT_CLASS = YES_ERROR;
				CLANG_WARN_QUOTED_INCLUDE_IN_FRAMEWORK_HEADER = YES;
				CLANG_WARN_RANGE_LOOP_ANALYSIS = YES;
				CLANG_WARN_STRICT_PROTOTYPES = YES;
				CLANG_WARN_SUSPICIOUS_MOVE = YES;
				CLANG_WARN_UNGUARDED_AVAILABILITY = YES_AGGRESSIVE;
				CLANG_WARN_UNREACHABLE_CODE = YES;
				CLANG_WARN__DUPLICATE_METHOD_MATCH = YES;
				COPY_PHASE_STRIP = NO;
				DEBUG_INFORMATION_FORMAT = "dwarf-with-dsym";
				ENABLE_NS_ASSERTIONS = NO;
				ENABLE_STRICT_OBJC_MSGSEND = YES;
				ENABLE_USER_SCRIPT_SANDBOXING = YES;
				GCC_C_LANGUAGE_STANDARD = gnu17;
				GCC_NO_COMMON_BLOCKS = YES;
				GCC_WARN_64_TO_32_BIT_CONVERSION = YES;
				GCC_WARN_ABOUT_RETURN_TYPE = YES_ERROR;
				GCC_WARN_UNDECLARED_SELECTOR = YES;
				GCC_WARN_UNINITIALIZED_AUTOS = YES_AGGRESSIVE;
				GCC_WARN_UNUSED_FUNCTION = YES;
				GCC_WARN_UNUSED_VARIABLE = YES;
				IPHONEOS_DEPLOYMENT_TARGET = 17.0;
				LOCALIZATION_PREFERS_STRING_CATALOGS = YES;
				MTL_ENABLE_DEBUG_INFO = NO;
				MTL_FAST_MATH = YES;
				SDKROOT = iphoneos;
				SWIFT_COMPILATION_MODE = wholemodule;
				VALIDATE_PRODUCT = YES;
			};
			name = Release;
		};
		20249E0A2BA5E4F200009D63 /* Debug */ = {
			isa = XCBuildConfiguration;
			baseConfigurationReference = 3C46921D1DF383BE2FE158D2 /* Pods-Firebase_Crashlytics.debug.xcconfig */;
			buildSettings = {
				ASSETCATALOG_COMPILER_APPICON_NAME = AppIcon;
				ASSETCATALOG_COMPILER_GLOBAL_ACCENT_COLOR_NAME = AccentColor;
				CODE_SIGN_STYLE = Automatic;
				CURRENT_PROJECT_VERSION = 1;
				ENABLE_USER_SCRIPT_SANDBOXING = NO;
				GENERATE_INFOPLIST_FILE = YES;
				INFOPLIST_FILE = Firebase_Crashlytics/Info.plist;
				INFOPLIST_KEY_UIApplicationSupportsIndirectInputEvents = YES;
				INFOPLIST_KEY_UILaunchStoryboardName = LaunchScreen;
				INFOPLIST_KEY_UIMainStoryboardFile = Main;
				INFOPLIST_KEY_UISupportedInterfaceOrientations_iPad = "UIInterfaceOrientationPortrait UIInterfaceOrientationPortraitUpsideDown UIInterfaceOrientationLandscapeLeft UIInterfaceOrientationLandscapeRight";
				INFOPLIST_KEY_UISupportedInterfaceOrientations_iPhone = "UIInterfaceOrientationPortrait UIInterfaceOrientationLandscapeLeft UIInterfaceOrientationLandscapeRight";
				LD_RUNPATH_SEARCH_PATHS = (
					"$(inherited)",
					"@executable_path/Frameworks",
				);
				MARKETING_VERSION = 1.0;
				PRODUCT_BUNDLE_IDENTIFIER = com.spk.FirebaseCrashlytics;
				PRODUCT_NAME = "$(TARGET_NAME)";
				SWIFT_EMIT_LOC_STRINGS = YES;
				SWIFT_VERSION = 5.0;
				TARGETED_DEVICE_FAMILY = "1,2";
			};
			name = Debug;
		};
		20249E0B2BA5E4F200009D63 /* Release */ = {
			isa = XCBuildConfiguration;
			baseConfigurationReference = D3153AE4316C9473C03BCD8F /* Pods-Firebase_Crashlytics.release.xcconfig */;
			buildSettings = {
				ASSETCATALOG_COMPILER_APPICON_NAME = AppIcon;
				ASSETCATALOG_COMPILER_GLOBAL_ACCENT_COLOR_NAME = AccentColor;
				CODE_SIGN_STYLE = Automatic;
				CURRENT_PROJECT_VERSION = 1;
				ENABLE_USER_SCRIPT_SANDBOXING = NO;
				GENERATE_INFOPLIST_FILE = YES;
				INFOPLIST_FILE = Firebase_Crashlytics/Info.plist;
				INFOPLIST_KEY_UIApplicationSupportsIndirectInputEvents = YES;
				INFOPLIST_KEY_UILaunchStoryboardName = LaunchScreen;
				INFOPLIST_KEY_UIMainStoryboardFile = Main;
				INFOPLIST_KEY_UISupportedInterfaceOrientations_iPad = "UIInterfaceOrientationPortrait UIInterfaceOrientationPortraitUpsideDown UIInterfaceOrientationLandscapeLeft UIInterfaceOrientationLandscapeRight";
				INFOPLIST_KEY_UISupportedInterfaceOrientations_iPhone = "UIInterfaceOrientationPortrait UIInterfaceOrientationLandscapeLeft UIInterfaceOrientationLandscapeRight";
				LD_RUNPATH_SEARCH_PATHS = (
					"$(inherited)",
					"@executable_path/Frameworks",
				);
				MARKETING_VERSION = 1.0;
				PRODUCT_BUNDLE_IDENTIFIER = com.spk.FirebaseCrashlytics;
				PRODUCT_NAME = "$(TARGET_NAME)";
				SWIFT_EMIT_LOC_STRINGS = YES;
				SWIFT_VERSION = 5.0;
				TARGETED_DEVICE_FAMILY = "1,2";
			};
			name = Release;
		};
/* End XCBuildConfiguration section */

/* Begin XCConfigurationList section */
		20249DF02BA5E4EF00009D63 /* Build configuration list for PBXProject "Firebase_Crashlytics" */ = {
			isa = XCConfigurationList;
			buildConfigurations = (
				20249E072BA5E4F200009D63 /* Debug */,
				20249E082BA5E4F200009D63 /* Release */,
			);
			defaultConfigurationIsVisible = 0;
			defaultConfigurationName = Release;
		};
		20249E092BA5E4F200009D63 /* Build configuration list for PBXNativeTarget "Firebase_Crashlytics" */ = {
			isa = XCConfigurationList;
			buildConfigurations = (
				20249E0A2BA5E4F200009D63 /* Debug */,
				20249E0B2BA5E4F200009D63 /* Release */,
			);
			defaultConfigurationIsVisible = 0;
			defaultConfigurationName = Release;
		};
/* End XCConfigurationList section */
	};
	rootObject = 20249DED2BA5E4EE00009D63 /* Project object */;
}
